
Microsoft Visual Studio Solution File, Format Version 12.00
# Visual Studio 15
VisualStudioVersion = 15.0.26228.4
MinimumVisualStudioVersion = 10.0.40219.1
Project("{FAE04EC0-301F-11D3-BF4B-00C04F79EFBC}") = "BookShopAPI", "BookShopAPI\BookShopAPI.csproj", "{356F8565-622A-4933-8ED9-10C604C2CEB6}"
EndProject
Project("{FAE04EC0-301F-11D3-BF4B-00C04F79EFBC}") = "BookShopAPI.Tests", "BookShopAPI.Tests\BookShopAPI.Tests.csproj", "{CC897D9E-B4AA-4E72-AF3C-52A09B26BF9A}"
EndProject
Project("{FAE04EC0-301F-11D3-BF4B-00C04F79EFBC}") = "BookShop.DomainEntities", "BookShop.DomainEntities\BookShop.DomainEntities.csproj", "{6FD03392-E016-4E76-B63C-3CC91BDDD659}"
EndProject
Project("{FAE04EC0-301F-11D3-BF4B-00C04F79EFBC}") = "BookShop.Data", "BookShop.Data\BookShop.Data.csproj", "{CE748CC1-99AF-4826-88AC-711F92BB02AD}"
EndProject
Project("{FAE04EC0-301F-11D3-BF4B-00C04F79EFBC}") = "BookShop.DomainServices", "BookShop.DomainServices\BookShop.DomainServices.csproj", "{61388744-00E5-4673-9C91-CED522215B59}"
EndProject
Project("{2150E333-8FDC-42A3-9474-1A3956D46DE8}") = "Testing", "Testing", "{49CC65D9-CA16-4681-90D2-D0B302440DC9}"
EndProject
Project("{2150E333-8FDC-42A3-9474-1A3956D46DE8}") = "UnitTest", "UnitTest", "{F513133A-6769-480D-A405-A7898AF3B743}"
EndProject
Project("{FAE04EC0-301F-11D3-BF4B-00C04F79EFBC}") = "BookShop.DomainServices.UnitTest", "BookShop.DomainServices.UnitTest\BookShop.DomainServices.UnitTest.csproj", "{254034A5-A25D-496F-B64E-8768EA33BC6A}"
EndProject
Project("{2150E333-8FDC-42A3-9474-1A3956D46DE8}") = "Lib", "Lib", "{BEDC4614-4D9B-412B-B173-FB13C4DD965D}"
EndProject
Project("{FAE04EC0-301F-11D3-BF4B-00C04F79EFBC}") = "BookShop.Lib", "BookShop.Lib\BookShop.Lib.csproj", "{3AD12232-58FE-42B1-A1F6-4B7F90C868B6}"
EndProject
Project("{FAE04EC0-301F-11D3-BF4B-00C04F79EFBC}") = "BookShop.Lib.Entities", "BookShop.Lib.Entities\BookShop.Lib.Entities.csproj", "{17735375-6EB7-4BD3-9126-2345A8E541AF}"
EndProject
Project("{2150E333-8FDC-42A3-9474-1A3956D46DE8}") = "Testing", "Testing", "{90C07B76-AAB0-4B46-BB95-4B967E757492}"
EndProject
Project("{2150E333-8FDC-42A3-9474-1A3956D46DE8}") = "UnitTest", "UnitTest", "{AF4E62CE-4941-4EEC-BB56-C33393ECC84F}"
EndProject
Project("{FAE04EC0-301F-11D3-BF4B-00C04F79EFBC}") = "BookShop.Lib.UnitTest", "BookShop.Lib.UnitTest\BookShop.Lib.UnitTest.csproj", "{3C5321E0-9F08-4B6A-9721-DF955CFECCBA}"
EndProject
Global
	GlobalSection(SolutionConfigurationPlatforms) = preSolution
		Debug|Any CPU = Debug|Any CPU
		Release|Any CPU = Release|Any CPU
	EndGlobalSection
	GlobalSection(ProjectConfigurationPlatforms) = postSolution
		{356F8565-622A-4933-8ED9-10C604C2CEB6}.Debug|Any CPU.ActiveCfg = Debug|Any CPU
		{356F8565-622A-4933-8ED9-10C604C2CEB6}.Debug|Any CPU.Build.0 = Debug|Any CPU
		{356F8565-622A-4933-8ED9-10C604C2CEB6}.Release|Any CPU.ActiveCfg = Release|Any CPU
		{356F8565-622A-4933-8ED9-10C604C2CEB6}.Release|Any CPU.Build.0 = Release|Any CPU
		{CC897D9E-B4AA-4E72-AF3C-52A09B26BF9A}.Debug|Any CPU.ActiveCfg = Debug|Any CPU
		{CC897D9E-B4AA-4E72-AF3C-52A09B26BF9A}.Debug|Any CPU.Build.0 = Debug|Any CPU
		{CC897D9E-B4AA-4E72-AF3C-52A09B26BF9A}.Release|Any CPU.ActiveCfg = Release|Any CPU
		{CC897D9E-B4AA-4E72-AF3C-52A09B26BF9A}.Release|Any CPU.Build.0 = Release|Any CPU
		{6FD03392-E016-4E76-B63C-3CC91BDDD659}.Debug|Any CPU.ActiveCfg = Debug|Any CPU
		{6FD03392-E016-4E76-B63C-3CC91BDDD659}.Debug|Any CPU.Build.0 = Debug|Any CPU
		{6FD03392-E016-4E76-B63C-3CC91BDDD659}.Release|Any CPU.ActiveCfg = Release|Any CPU
		{6FD03392-E016-4E76-B63C-3CC91BDDD659}.Release|Any CPU.Build.0 = Release|Any CPU
		{CE748CC1-99AF-4826-88AC-711F92BB02AD}.Debug|Any CPU.ActiveCfg = Debug|Any CPU
		{CE748CC1-99AF-4826-88AC-711F92BB02AD}.Debug|Any CPU.Build.0 = Debug|Any CPU
		{CE748CC1-99AF-4826-88AC-711F92BB02AD}.Release|Any CPU.ActiveCfg = Release|Any CPU
		{CE748CC1-99AF-4826-88AC-711F92BB02AD}.Release|Any CPU.Build.0 = Release|Any CPU
		{61388744-00E5-4673-9C91-CED522215B59}.Debug|Any CPU.ActiveCfg = Debug|Any CPU
		{61388744-00E5-4673-9C91-CED522215B59}.Debug|Any CPU.Build.0 = Debug|Any CPU
		{61388744-00E5-4673-9C91-CED522215B59}.Release|Any CPU.ActiveCfg = Release|Any CPU
		{61388744-00E5-4673-9C91-CED522215B59}.Release|Any CPU.Build.0 = Release|Any CPU
		{254034A5-A25D-496F-B64E-8768EA33BC6A}.Debug|Any CPU.ActiveCfg = Debug|Any CPU
		{254034A5-A25D-496F-B64E-8768EA33BC6A}.Debug|Any CPU.Build.0 = Debug|Any CPU
		{254034A5-A25D-496F-B64E-8768EA33BC6A}.Release|Any CPU.ActiveCfg = Release|Any CPU
		{254034A5-A25D-496F-B64E-8768EA33BC6A}.Release|Any CPU.Build.0 = Release|Any CPU
		{3AD12232-58FE-42B1-A1F6-4B7F90C868B6}.Debug|Any CPU.ActiveCfg = Debug|Any CPU
		{3AD12232-58FE-42B1-A1F6-4B7F90C868B6}.Debug|Any CPU.Build.0 = Debug|Any CPU
		{3AD12232-58FE-42B1-A1F6-4B7F90C868B6}.Release|Any CPU.ActiveCfg = Release|Any CPU
		{3AD12232-58FE-42B1-A1F6-4B7F90C868B6}.Release|Any CPU.Build.0 = Release|Any CPU
		{17735375-6EB7-4BD3-9126-2345A8E541AF}.Debug|Any CPU.ActiveCfg = Debug|Any CPU
		{17735375-6EB7-4BD3-9126-2345A8E541AF}.Debug|Any CPU.Build.0 = Debug|Any CPU
		{17735375-6EB7-4BD3-9126-2345A8E541AF}.Release|Any CPU.ActiveCfg = Release|Any CPU
		{17735375-6EB7-4BD3-9126-2345A8E541AF}.Release|Any CPU.Build.0 = Release|Any CPU
		{3C5321E0-9F08-4B6A-9721-DF955CFECCBA}.Debug|Any CPU.ActiveCfg = Debug|Any CPU
		{3C5321E0-9F08-4B6A-9721-DF955CFECCBA}.Debug|Any CPU.Build.0 = Debug|Any CPU
		{3C5321E0-9F08-4B6A-9721-DF955CFECCBA}.Release|Any CPU.ActiveCfg = Release|Any CPU
		{3C5321E0-9F08-4B6A-9721-DF955CFECCBA}.Release|Any CPU.Build.0 = Release|Any CPU
	EndGlobalSection
	GlobalSection(SolutionProperties) = preSolution
		HideSolutionNode = FALSE
	EndGlobalSection
	GlobalSection(NestedProjects) = preSolution
		{F513133A-6769-480D-A405-A7898AF3B743} = {49CC65D9-CA16-4681-90D2-D0B302440DC9}
		{254034A5-A25D-496F-B64E-8768EA33BC6A} = {F513133A-6769-480D-A405-A7898AF3B743}
		{3AD12232-58FE-42B1-A1F6-4B7F90C868B6} = {BEDC4614-4D9B-412B-B173-FB13C4DD965D}
		{17735375-6EB7-4BD3-9126-2345A8E541AF} = {BEDC4614-4D9B-412B-B173-FB13C4DD965D}
		{90C07B76-AAB0-4B46-BB95-4B967E757492} = {BEDC4614-4D9B-412B-B173-FB13C4DD965D}
		{AF4E62CE-4941-4EEC-BB56-C33393ECC84F} = {90C07B76-AAB0-4B46-BB95-4B967E757492}
		{3C5321E0-9F08-4B6A-9721-DF955CFECCBA} = {AF4E62CE-4941-4EEC-BB56-C33393ECC84F}
	EndGlobalSection
EndGlobal
